
Microsoft Visual Studio Solution File, Format Version 12.00
# Visual Studio Version 17
VisualStudioVersion = 17.12.35527.113
MinimumVisualStudioVersion = 10.0.40219.1
Project("{FAE04EC0-301F-11D3-BF4B-00C04F79EFBC}") = "RobotMaze", "RobotMaze\RobotMaze.csproj", "{670B65A2-15DC-4FDD-9762-42CDE724346C}"
EndProject
Project("{FAE04EC0-301F-11D3-BF4B-00C04F79EFBC}") = "RobotMaze.Tests", "RobotMaze.Tests\RobotMaze.Tests.csproj", "{47F77D04-43EE-40E9-BDEF-13D133E6F85E}"
EndProject
Global
	GlobalSection(SolutionConfigurationPlatforms) = preSolution
		Debug|Any CPU = Debug|Any CPU
		Release|Any CPU = Release|Any CPU
	EndGlobalSection
	GlobalSection(ProjectConfigurationPlatforms) = postSolution
		{670B65A2-15DC-4FDD-9762-42CDE724346C}.Debug|Any CPU.ActiveCfg = Debug|Any CPU
		{670B65A2-15DC-4FDD-9762-42CDE724346C}.Debug|Any CPU.Build.0 = Debug|Any CPU
		{670B65A2-15DC-4FDD-9762-42CDE724346C}.Release|Any CPU.ActiveCfg = Release|Any CPU
		{670B65A2-15DC-4FDD-9762-42CDE724346C}.Release|Any CPU.Build.0 = Release|Any CPU
		{47F77D04-43EE-40E9-BDEF-13D133E6F85E}.Debug|Any CPU.ActiveCfg = Debug|Any CPU
		{47F77D04-43EE-40E9-BDEF-13D133E6F85E}.Debug|Any CPU.Build.0 = Debug|Any CPU
		{47F77D04-43EE-40E9-BDEF-13D133E6F85E}.Release|Any CPU.ActiveCfg = Release|Any CPU
		{47F77D04-43EE-40E9-BDEF-13D133E6F85E}.Release|Any CPU.Build.0 = Release|Any CPU
	EndGlobalSection
	GlobalSection(SolutionProperties) = preSolution
		HideSolutionNode = FALSE
	EndGlobalSection
EndGlobal
